// !$*UTF8*$!
{
	archiveVersion = 1;
	classes = {
	};
	objectVersion = 56;
	objects = {

/* Begin PBXBuildFile section */
		C76C95AB2BC3F12D00AB672D /* AppDelegate.swift in Sources */ = {isa = PBXBuildFile; fileRef = C76C95AA2BC3F12D00AB672D /* AppDelegate.swift */; };
		C76C95B42BC3F12F00AB672D /* Assets.xcassets in Resources */ = {isa = PBXBuildFile; fileRef = C76C95B32BC3F12F00AB672D /* Assets.xcassets */; };
		C76C95B72BC3F12F00AB672D /* Base in Resources */ = {isa = PBXBuildFile; fileRef = C76C95B62BC3F12F00AB672D /* Base */; };
		C76C95C22BC3F12F00AB672D /* MVVM_PracticeTests.swift in Sources */ = {isa = PBXBuildFile; fileRef = C76C95C12BC3F12F00AB672D /* MVVM_PracticeTests.swift */; };
		C76C95CC2BC3F12F00AB672D /* MVVM_PracticeUITests.swift in Sources */ = {isa = PBXBuildFile; fileRef = C76C95CB2BC3F12F00AB672D /* MVVM_PracticeUITests.swift */; };
		C76C95CE2BC3F12F00AB672D /* MVVM_PracticeUITestsLaunchTests.swift in Sources */ = {isa = PBXBuildFile; fileRef = C76C95CD2BC3F12F00AB672D /* MVVM_PracticeUITestsLaunchTests.swift */; };
		C76C95DD2BC3F3DC00AB672D /* MainViewController.swift in Sources */ = {isa = PBXBuildFile; fileRef = C76C95DB2BC3F3DC00AB672D /* MainViewController.swift */; };
		C76C95DE2BC3F3DC00AB672D /* MainViewController.xib in Resources */ = {isa = PBXBuildFile; fileRef = C76C95DC2BC3F3DC00AB672D /* MainViewController.xib */; };
		C76C95E82BC3F9F000AB672D /* MainViewController+TableView.swift in Sources */ = {isa = PBXBuildFile; fileRef = C76C95E72BC3F9F000AB672D /* MainViewController+TableView.swift */; };
		C76C95EA2BC3FBA500AB672D /* MainViewModel.swift in Sources */ = {isa = PBXBuildFile; fileRef = C76C95E92BC3FBA500AB672D /* MainViewModel.swift */; };
		C76C95EC2BC400EF00AB672D /* NetworkConstant.swift in Sources */ = {isa = PBXBuildFile; fileRef = C76C95EB2BC400EF00AB672D /* NetworkConstant.swift */; };
		C76C95EE2BC401AC00AB672D /* APICaller.swift in Sources */ = {isa = PBXBuildFile; fileRef = C76C95ED2BC401AC00AB672D /* APICaller.swift */; };
		C76C95F02BC401E500AB672D /* TredingMoviesModel.swift in Sources */ = {isa = PBXBuildFile; fileRef = C76C95EF2BC401E500AB672D /* TredingMoviesModel.swift */; };
/* End PBXBuildFile section */

/* Begin PBXContainerItemProxy section */
		C76C95BE2BC3F12F00AB672D /* PBXContainerItemProxy */ = {
			isa = PBXContainerItemProxy;
			containerPortal = C76C959F2BC3F12D00AB672D /* Project object */;
			proxyType = 1;
			remoteGlobalIDString = C76C95A62BC3F12D00AB672D;
			remoteInfo = MVVM_Practice;
		};
		C76C95C82BC3F12F00AB672D /* PBXContainerItemProxy */ = {
			isa = PBXContainerItemProxy;
			containerPortal = C76C959F2BC3F12D00AB672D /* Project object */;
			proxyType = 1;
			remoteGlobalIDString = C76C95A62BC3F12D00AB672D;
			remoteInfo = MVVM_Practice;
		};
/* End PBXContainerItemProxy section */

/* Begin PBXFileReference section */
		C76C95A72BC3F12D00AB672D /* MVVM_Practice.app */ = {isa = PBXFileReference; explicitFileType = wrapper.application; includeInIndex = 0; path = MVVM_Practice.app; sourceTree = BUILT_PRODUCTS_DIR; };
		C76C95AA2BC3F12D00AB672D /* AppDelegate.swift */ = {isa = PBXFileReference; lastKnownFileType = sourcecode.swift; path = AppDelegate.swift; sourceTree = "<group>"; };
		C76C95B32BC3F12F00AB672D /* Assets.xcassets */ = {isa = PBXFileReference; lastKnownFileType = folder.assetcatalog; path = Assets.xcassets; sourceTree = "<group>"; };
		C76C95B62BC3F12F00AB672D /* Base */ = {isa = PBXFileReference; lastKnownFileType = file.storyboard; name = Base; path = Base.lproj/LaunchScreen.storyboard; sourceTree = "<group>"; };
		C76C95B82BC3F12F00AB672D /* Info.plist */ = {isa = PBXFileReference; lastKnownFileType = text.plist.xml; path = Info.plist; sourceTree = "<group>"; };
		C76C95BD2BC3F12F00AB672D /* MVVM_PracticeTests.xctest */ = {isa = PBXFileReference; explicitFileType = wrapper.cfbundle; includeInIndex = 0; path = MVVM_PracticeTests.xctest; sourceTree = BUILT_PRODUCTS_DIR; };
		C76C95C12BC3F12F00AB672D /* MVVM_PracticeTests.swift */ = {isa = PBXFileReference; lastKnownFileType = sourcecode.swift; path = MVVM_PracticeTests.swift; sourceTree = "<group>"; };
		C76C95C72BC3F12F00AB672D /* MVVM_PracticeUITests.xctest */ = {isa = PBXFileReference; explicitFileType = wrapper.cfbundle; includeInIndex = 0; path = MVVM_PracticeUITests.xctest; sourceTree = BUILT_PRODUCTS_DIR; };
		C76C95CB2BC3F12F00AB672D /* MVVM_PracticeUITests.swift */ = {isa = PBXFileReference; lastKnownFileType = sourcecode.swift; path = MVVM_PracticeUITests.swift; sourceTree = "<group>"; };
		C76C95CD2BC3F12F00AB672D /* MVVM_PracticeUITestsLaunchTests.swift */ = {isa = PBXFileReference; lastKnownFileType = sourcecode.swift; path = MVVM_PracticeUITestsLaunchTests.swift; sourceTree = "<group>"; };
		C76C95DB2BC3F3DC00AB672D /* MainViewController.swift */ = {isa = PBXFileReference; lastKnownFileType = sourcecode.swift; path = MainViewController.swift; sourceTree = "<group>"; };
		C76C95DC2BC3F3DC00AB672D /* MainViewController.xib */ = {isa = PBXFileReference; lastKnownFileType = file.xib; path = MainViewController.xib; sourceTree = "<group>"; };
		C76C95E72BC3F9F000AB672D /* MainViewController+TableView.swift */ = {isa = PBXFileReference; lastKnownFileType = sourcecode.swift; path = "MainViewController+TableView.swift"; sourceTree = "<group>"; };
		C76C95E92BC3FBA500AB672D /* MainViewModel.swift */ = {isa = PBXFileReference; lastKnownFileType = sourcecode.swift; path = MainViewModel.swift; sourceTree = "<group>"; };
		C76C95EB2BC400EF00AB672D /* NetworkConstant.swift */ = {isa = PBXFileReference; lastKnownFileType = sourcecode.swift; path = NetworkConstant.swift; sourceTree = "<group>"; };
		C76C95ED2BC401AC00AB672D /* APICaller.swift */ = {isa = PBXFileReference; lastKnownFileType = sourcecode.swift; path = APICaller.swift; sourceTree = "<group>"; };
		C76C95EF2BC401E500AB672D /* TredingMoviesModel.swift */ = {isa = PBXFileReference; lastKnownFileType = sourcecode.swift; path = TredingMoviesModel.swift; sourceTree = "<group>"; };
/* End PBXFileReference section */

/* Begin PBXFrameworksBuildPhase section */
		C76C95A42BC3F12D00AB672D /* Frameworks */ = {
			isa = PBXFrameworksBuildPhase;
			buildActionMask = 2147483647;
			files = (
			);
			runOnlyForDeploymentPostprocessing = 0;
		};
		C76C95BA2BC3F12F00AB672D /* Frameworks */ = {
			isa = PBXFrameworksBuildPhase;
			buildActionMask = 2147483647;
			files = (
			);
			runOnlyForDeploymentPostprocessing = 0;
		};
		C76C95C42BC3F12F00AB672D /* Frameworks */ = {
			isa = PBXFrameworksBuildPhase;
			buildActionMask = 2147483647;
			files = (
			);
			runOnlyForDeploymentPostprocessing = 0;
		};
/* End PBXFrameworksBuildPhase section */

/* Begin PBXGroup section */
		C76C959E2BC3F12D00AB672D = {
			isa = PBXGroup;
			children = (
				C76C95A92BC3F12D00AB672D /* MVVM_Practice */,
				C76C95C02BC3F12F00AB672D /* MVVM_PracticeTests */,
				C76C95CA2BC3F12F00AB672D /* MVVM_PracticeUITests */,
				C76C95A82BC3F12D00AB672D /* Products */,
			);
			sourceTree = "<group>";
		};
		C76C95A82BC3F12D00AB672D /* Products */ = {
			isa = PBXGroup;
			children = (
				C76C95A72BC3F12D00AB672D /* MVVM_Practice.app */,
				C76C95BD2BC3F12F00AB672D /* MVVM_PracticeTests.xctest */,
				C76C95C72BC3F12F00AB672D /* MVVM_PracticeUITests.xctest */,
			);
			name = Products;
			sourceTree = "<group>";
		};
		C76C95A92BC3F12D00AB672D /* MVVM_Practice */ = {
			isa = PBXGroup;
			children = (
				C76C95E62BC3F65100AB672D /* Networking */,
				C76C95E52BC3F64100AB672D /* Extensions */,
				C76C95E42BC3F62A00AB672D /* Resources */,
				C76C95E32BC3F61D00AB672D /* Classes */,
				C76C95E22BC3F61800AB672D /* Model */,
				C76C95E12BC3F60E00AB672D /* Controllers */,
				C76C95E02BC3F60200AB672D /* ViewModel */,
				C76C95DF2BC3F5FE00AB672D /* View */,
				C76C95AA2BC3F12D00AB672D /* AppDelegate.swift */,
				C76C95B82BC3F12F00AB672D /* Info.plist */,
			);
			path = MVVM_Practice;
			sourceTree = "<group>";
		};
		C76C95C02BC3F12F00AB672D /* MVVM_PracticeTests */ = {
			isa = PBXGroup;
			children = (
				C76C95C12BC3F12F00AB672D /* MVVM_PracticeTests.swift */,
			);
			path = MVVM_PracticeTests;
			sourceTree = "<group>";
		};
		C76C95CA2BC3F12F00AB672D /* MVVM_PracticeUITests */ = {
			isa = PBXGroup;
			children = (
				C76C95CB2BC3F12F00AB672D /* MVVM_PracticeUITests.swift */,
				C76C95CD2BC3F12F00AB672D /* MVVM_PracticeUITestsLaunchTests.swift */,
			);
			path = MVVM_PracticeUITests;
			sourceTree = "<group>";
		};
		C76C95DA2BC3F3AA00AB672D /* MainViewController */ = {
			isa = PBXGroup;
			children = (
				C76C95DB2BC3F3DC00AB672D /* MainViewController.swift */,
				C76C95DC2BC3F3DC00AB672D /* MainViewController.xib */,
				C76C95E72BC3F9F000AB672D /* MainViewController+TableView.swift */,
			);
			path = MainViewController;
			sourceTree = "<group>";
		};
		C76C95DF2BC3F5FE00AB672D /* View */ = {
			isa = PBXGroup;
			children = (
				C76C95B52BC3F12F00AB672D /* LaunchScreen.storyboard */,
			);
			path = View;
			sourceTree = "<group>";
		};
		C76C95E02BC3F60200AB672D /* ViewModel */ = {
			isa = PBXGroup;
			children = (
				C76C95E92BC3FBA500AB672D /* MainViewModel.swift */,
			);
			path = ViewModel;
			sourceTree = "<group>";
		};
		C76C95E12BC3F60E00AB672D /* Controllers */ = {
			isa = PBXGroup;
			children = (
				C76C95DA2BC3F3AA00AB672D /* MainViewController */,
			);
			path = Controllers;
			sourceTree = "<group>";
		};
		C76C95E22BC3F61800AB672D /* Model */ = {
			isa = PBXGroup;
			children = (
				C76C95EF2BC401E500AB672D /* TredingMoviesModel.swift */,
			);
			path = Model;
			sourceTree = "<group>";
		};
		C76C95E32BC3F61D00AB672D /* Classes */ = {
			isa = PBXGroup;
			children = (
			);
			path = Classes;
			sourceTree = "<group>";
		};
		C76C95E42BC3F62A00AB672D /* Resources */ = {
			isa = PBXGroup;
			children = (
				C76C95B32BC3F12F00AB672D /* Assets.xcassets */,
			);
			path = Resources;
			sourceTree = "<group>";
		};
		C76C95E52BC3F64100AB672D /* Extensions */ = {
			isa = PBXGroup;
			children = (
			);
			path = Extensions;
			sourceTree = "<group>";
		};
		C76C95E62BC3F65100AB672D /* Networking */ = {
			isa = PBXGroup;
			children = (
				C76C95EB2BC400EF00AB672D /* NetworkConstant.swift */,
				C76C95ED2BC401AC00AB672D /* APICaller.swift */,
			);
			path = Networking;
			sourceTree = "<group>";
		};
/* End PBXGroup section */

/* Begin PBXNativeTarget section */
		C76C95A62BC3F12D00AB672D /* MVVM_Practice */ = {
			isa = PBXNativeTarget;
			buildConfigurationList = C76C95D12BC3F12F00AB672D /* Build configuration list for PBXNativeTarget "MVVM_Practice" */;
			buildPhases = (
				C76C95A32BC3F12D00AB672D /* Sources */,
				C76C95A42BC3F12D00AB672D /* Frameworks */,
				C76C95A52BC3F12D00AB672D /* Resources */,
			);
			buildRules = (
			);
			dependencies = (
			);
			name = MVVM_Practice;
			productName = MVVM_Practice;
			productReference = C76C95A72BC3F12D00AB672D /* MVVM_Practice.app */;
			productType = "com.apple.product-type.application";
		};
		C76C95BC2BC3F12F00AB672D /* MVVM_PracticeTests */ = {
			isa = PBXNativeTarget;
			buildConfigurationList = C76C95D42BC3F12F00AB672D /* Build configuration list for PBXNativeTarget "MVVM_PracticeTests" */;
			buildPhases = (
				C76C95B92BC3F12F00AB672D /* Sources */,
				C76C95BA2BC3F12F00AB672D /* Frameworks */,
				C76C95BB2BC3F12F00AB672D /* Resources */,
			);
			buildRules = (
			);
			dependencies = (
				C76C95BF2BC3F12F00AB672D /* PBXTargetDependency */,
			);
			name = MVVM_PracticeTests;
			productName = MVVM_PracticeTests;
			productReference = C76C95BD2BC3F12F00AB672D /* MVVM_PracticeTests.xctest */;
			productType = "com.apple.product-type.bundle.unit-test";
		};
		C76C95C62BC3F12F00AB672D /* MVVM_PracticeUITests */ = {
			isa = PBXNativeTarget;
			buildConfigurationList = C76C95D72BC3F12F00AB672D /* Build configuration list for PBXNativeTarget "MVVM_PracticeUITests" */;
			buildPhases = (
				C76C95C32BC3F12F00AB672D /* Sources */,
				C76C95C42BC3F12F00AB672D /* Frameworks */,
				C76C95C52BC3F12F00AB672D /* Resources */,
			);
			buildRules = (
			);
			dependencies = (
				C76C95C92BC3F12F00AB672D /* PBXTargetDependency */,
			);
			name = MVVM_PracticeUITests;
			productName = MVVM_PracticeUITests;
			productReference = C76C95C72BC3F12F00AB672D /* MVVM_PracticeUITests.xctest */;
			productType = "com.apple.product-type.bundle.ui-testing";
		};
/* End PBXNativeTarget section */

/* Begin PBXProject section */
		C76C959F2BC3F12D00AB672D /* Project object */ = {
			isa = PBXProject;
			attributes = {
				BuildIndependentTargetsInParallel = 1;
				LastSwiftUpdateCheck = 1530;
				LastUpgradeCheck = 1530;
				TargetAttributes = {
					C76C95A62BC3F12D00AB672D = {
						CreatedOnToolsVersion = 15.3;
					};
					C76C95BC2BC3F12F00AB672D = {
						CreatedOnToolsVersion = 15.3;
						TestTargetID = C76C95A62BC3F12D00AB672D;
					};
					C76C95C62BC3F12F00AB672D = {
						CreatedOnToolsVersion = 15.3;
						TestTargetID = C76C95A62BC3F12D00AB672D;
					};
				};
			};
			buildConfigurationList = C76C95A22BC3F12D00AB672D /* Build configuration list for PBXProject "MVVM_Practice" */;
			compatibilityVersion = "Xcode 14.0";
			developmentRegion = en;
			hasScannedForEncodings = 0;
			knownRegions = (
				en,
				Base,
			);
			mainGroup = C76C959E2BC3F12D00AB672D;
			productRefGroup = C76C95A82BC3F12D00AB672D /* Products */;
			projectDirPath = "";
			projectRoot = "";
			targets = (
				C76C95A62BC3F12D00AB672D /* MVVM_Practice */,
				C76C95BC2BC3F12F00AB672D /* MVVM_PracticeTests */,
				C76C95C62BC3F12F00AB672D /* MVVM_PracticeUITests */,
			);
		};
/* End PBXProject section */

/* Begin PBXResourcesBuildPhase section */
		C76C95A52BC3F12D00AB672D /* Resources */ = {
			isa = PBXResourcesBuildPhase;
			buildActionMask = 2147483647;
			files = (
				C76C95B42BC3F12F00AB672D /* Assets.xcassets in Resources */,
				C76C95DE2BC3F3DC00AB672D /* MainViewController.xib in Resources */,
				C76C95B72BC3F12F00AB672D /* Base in Resources */,
			);
			runOnlyForDeploymentPostprocessing = 0;
		};
		C76C95BB2BC3F12F00AB672D /* Resources */ = {
			isa = PBXResourcesBuildPhase;
			buildActionMask = 2147483647;
			files = (
			);
			runOnlyForDeploymentPostprocessing = 0;
		};
		C76C95C52BC3F12F00AB672D /* Resources */ = {
			isa = PBXResourcesBuildPhase;
			buildActionMask = 2147483647;
			files = (
			);
			runOnlyForDeploymentPostprocessing = 0;
		};
/* End PBXResourcesBuildPhase section */

/* Begin PBXSourcesBuildPhase section */
		C76C95A32BC3F12D00AB672D /* Sources */ = {
			isa = PBXSourcesBuildPhase;
			buildActionMask = 2147483647;
			files = (
				C76C95AB2BC3F12D00AB672D /* AppDelegate.swift in Sources */,
				C76C95F02BC401E500AB672D /* TredingMoviesModel.swift in Sources */,
				C76C95EE2BC401AC00AB672D /* APICaller.swift in Sources */,
				C76C95E82BC3F9F000AB672D /* MainViewController+TableView.swift in Sources */,
				C76C95DD2BC3F3DC00AB672D /* MainViewController.swift in Sources */,
				C76C95EC2BC400EF00AB672D /* NetworkConstant.swift in Sources */,
				C76C95EA2BC3FBA500AB672D /* MainViewModel.swift in Sources */,
			);
			runOnlyForDeploymentPostprocessing = 0;
		};
		C76C95B92BC3F12F00AB672D /* Sources */ = {
			isa = PBXSourcesBuildPhase;
			buildActionMask = 2147483647;
			files = (
				C76C95C22BC3F12F00AB672D /* MVVM_PracticeTests.swift in Sources */,
			);
			runOnlyForDeploymentPostprocessing = 0;
		};
		C76C95C32BC3F12F00AB672D /* Sources */ = {
			isa = PBXSourcesBuildPhase;
			buildActionMask = 2147483647;
			files = (
				C76C95CC2BC3F12F00AB672D /* MVVM_PracticeUITests.swift in Sources */,
				C76C95CE2BC3F12F00AB672D /* MVVM_PracticeUITestsLaunchTests.swift in Sources */,
			);
			runOnlyForDeploymentPostprocessing = 0;
		};
/* End PBXSourcesBuildPhase section */

/* Begin PBXTargetDependency section */
		C76C95BF2BC3F12F00AB672D /* PBXTargetDependency */ = {
			isa = PBXTargetDependency;
			target = C76C95A62BC3F12D00AB672D /* MVVM_Practice */;
			targetProxy = C76C95BE2BC3F12F00AB672D /* PBXContainerItemProxy */;
		};
		C76C95C92BC3F12F00AB672D /* PBXTargetDependency */ = {
			isa = PBXTargetDependency;
			target = C76C95A62BC3F12D00AB672D /* MVVM_Practice */;
			targetProxy = C76C95C82BC3F12F00AB672D /* PBXContainerItemProxy */;
		};
/* End PBXTargetDependency section */

/* Begin PBXVariantGroup section */
		C76C95B52BC3F12F00AB672D /* LaunchScreen.storyboard */ = {
			isa = PBXVariantGroup;
			children = (
				C76C95B62BC3F12F00AB672D /* Base */,
			);
			name = LaunchScreen.storyboard;
			sourceTree = "<group>";
		};
/* End PBXVariantGroup section */

/* Begin XCBuildConfiguration section */
		C76C95CF2BC3F12F00AB672D /* Debug */ = {
			isa = XCBuildConfiguration;
			buildSettings = {
				ALWAYS_SEARCH_USER_PATHS = NO;
				ASSETCATALOG_COMPILER_GENERATE_SWIFT_ASSET_SYMBOL_EXTENSIONS = YES;
				CLANG_ANALYZER_NONNULL = YES;
				CLANG_ANALYZER_NUMBER_OBJECT_CONVERSION = YES_AGGRESSIVE;
				CLANG_CXX_LANGUAGE_STANDARD = "gnu++20";
				CLANG_ENABLE_MODULES = YES;
				CLANG_ENABLE_OBJC_ARC = YES;
				CLANG_ENABLE_OBJC_WEAK = YES;
				CLANG_WARN_BLOCK_CAPTURE_AUTORELEASING = YES;
				CLANG_WARN_BOOL_CONVERSION = YES;
				CLANG_WARN_COMMA = YES;
				CLANG_WARN_CONSTANT_CONVERSION = YES;
				CLANG_WARN_DEPRECATED_OBJC_IMPLEMENTATIONS = YES;
				CLANG_WARN_DIRECT_OBJC_ISA_USAGE = YES_ERROR;
				CLANG_WARN_DOCUMENTATION_COMMENTS = YES;
				CLANG_WARN_EMPTY_BODY = YES;
				CLANG_WARN_ENUM_CONVERSION = YES;
				CLANG_WARN_INFINITE_RECURSION = YES;
				CLANG_WARN_INT_CONVERSION = YES;
				CLANG_WARN_NON_LITERAL_NULL_CONVERSION = YES;
				CLANG_WARN_OBJC_IMPLICIT_RETAIN_SELF = YES;
				CLANG_WARN_OBJC_LITERAL_CONVERSION = YES;
				CLANG_WARN_OBJC_ROOT_CLASS = YES_ERROR;
				CLANG_WARN_QUOTED_INCLUDE_IN_FRAMEWORK_HEADER = YES;
				CLANG_WARN_RANGE_LOOP_ANALYSIS = YES;
				CLANG_WARN_STRICT_PROTOTYPES = YES;
				CLANG_WARN_SUSPICIOUS_MOVE = YES;
				CLANG_WARN_UNGUARDED_AVAILABILITY = YES_AGGRESSIVE;
				CLANG_WARN_UNREACHABLE_CODE = YES;
				CLANG_WARN__DUPLICATE_METHOD_MATCH = YES;
				COPY_PHASE_STRIP = NO;
				DEBUG_INFORMATION_FORMAT = dwarf;
				ENABLE_STRICT_OBJC_MSGSEND = YES;
				ENABLE_TESTABILITY = YES;
				ENABLE_USER_SCRIPT_SANDBOXING = YES;
				GCC_C_LANGUAGE_STANDARD = gnu17;
				GCC_DYNAMIC_NO_PIC = NO;
				GCC_NO_COMMON_BLOCKS = YES;
				GCC_OPTIMIZATION_LEVEL = 0;
				GCC_PREPROCESSOR_DEFINITIONS = (
					"DEBUG=1",
					"$(inherited)",
				);
				GCC_WARN_64_TO_32_BIT_CONVERSION = YES;
				GCC_WARN_ABOUT_RETURN_TYPE = YES_ERROR;
				GCC_WARN_UNDECLARED_SELECTOR = YES;
				GCC_WARN_UNINITIALIZED_AUTOS = YES_AGGRESSIVE;
				GCC_WARN_UNUSED_FUNCTION = YES;
				GCC_WARN_UNUSED_VARIABLE = YES;
				IPHONEOS_DEPLOYMENT_TARGET = 17.4;
				LOCALIZATION_PREFERS_STRING_CATALOGS = YES;
				MTL_ENABLE_DEBUG_INFO = INCLUDE_SOURCE;
				MTL_FAST_MATH = YES;
				ONLY_ACTIVE_ARCH = YES;
				SDKROOT = iphoneos;
				SWIFT_ACTIVE_COMPILATION_CONDITIONS = "DEBUG $(inherited)";
				SWIFT_OPTIMIZATION_LEVEL = "-Onone";
			};
			name = Debug;
		};
		C76C95D02BC3F12F00AB672D /* Release */ = {
			isa = XCBuildConfiguration;
			buildSettings = {
				ALWAYS_SEARCH_USER_PATHS = NO;
				ASSETCATALOG_COMPILER_GENERATE_SWIFT_ASSET_SYMBOL_EXTENSIONS = YES;
				CLANG_ANALYZER_NONNULL = YES;
				CLANG_ANALYZER_NUMBER_OBJECT_CONVERSION = YES_AGGRESSIVE;
				CLANG_CXX_LANGUAGE_STANDARD = "gnu++20";
				CLANG_ENABLE_MODULES = YES;
				CLANG_ENABLE_OBJC_ARC = YES;
				CLANG_ENABLE_OBJC_WEAK = YES;
				CLANG_WARN_BLOCK_CAPTURE_AUTORELEASING = YES;
				CLANG_WARN_BOOL_CONVERSION = YES;
				CLANG_WARN_COMMA = YES;
				CLANG_WARN_CONSTANT_CONVERSION = YES;
				CLANG_WARN_DEPRECATED_OBJC_IMPLEMENTATIONS = YES;
				CLANG_WARN_DIRECT_OBJC_ISA_USAGE = YES_ERROR;
				CLANG_WARN_DOCUMENTATION_COMMENTS = YES;
				CLANG_WARN_EMPTY_BODY = YES;
				CLANG_WARN_ENUM_CONVERSION = YES;
				CLANG_WARN_INFINITE_RECURSION = YES;
				CLANG_WARN_INT_CONVERSION = YES;
				CLANG_WARN_NON_LITERAL_NULL_CONVERSION = YES;
				CLANG_WARN_OBJC_IMPLICIT_RETAIN_SELF = YES;
				CLANG_WARN_OBJC_LITERAL_CONVERSION = YES;
				CLANG_WARN_OBJC_ROOT_CLASS = YES_ERROR;
				CLANG_WARN_QUOTED_INCLUDE_IN_FRAMEWORK_HEADER = YES;
				CLANG_WARN_RANGE_LOOP_ANALYSIS = YES;
				CLANG_WARN_STRICT_PROTOTYPES = YES;
				CLANG_WARN_SUSPICIOUS_MOVE = YES;
				CLANG_WARN_UNGUARDED_AVAILABILITY = YES_AGGRESSIVE;
				CLANG_WARN_UNREACHABLE_CODE = YES;
				CLANG_WARN__DUPLICATE_METHOD_MATCH = YES;
				COPY_PHASE_STRIP = NO;
				DEBUG_INFORMATION_FORMAT = "dwarf-with-dsym";
				ENABLE_NS_ASSERTIONS = NO;
				ENABLE_STRICT_OBJC_MSGSEND = YES;
				ENABLE_USER_SCRIPT_SANDBOXING = YES;
				GCC_C_LANGUAGE_STANDARD = gnu17;
				GCC_NO_COMMON_BLOCKS = YES;
				GCC_WARN_64_TO_32_BIT_CONVERSION = YES;
				GCC_WARN_ABOUT_RETURN_TYPE = YES_ERROR;
				GCC_WARN_UNDECLARED_SELECTOR = YES;
				GCC_WARN_UNINITIALIZED_AUTOS = YES_AGGRESSIVE;
				GCC_WARN_UNUSED_FUNCTION = YES;
				GCC_WARN_UNUSED_VARIABLE = YES;
				IPHONEOS_DEPLOYMENT_TARGET = 17.4;
				LOCALIZATION_PREFERS_STRING_CATALOGS = YES;
				MTL_ENABLE_DEBUG_INFO = NO;
				MTL_FAST_MATH = YES;
				SDKROOT = iphoneos;
				SWIFT_COMPILATION_MODE = wholemodule;
				VALIDATE_PRODUCT = YES;
			};
			name = Release;
		};
		C76C95D22BC3F12F00AB672D /* Debug */ = {
			isa = XCBuildConfiguration;
			buildSettings = {
				ASSETCATALOG_COMPILER_APPICON_NAME = AppIcon;
				ASSETCATALOG_COMPILER_GLOBAL_ACCENT_COLOR_NAME = AccentColor;
				CODE_SIGN_STYLE = Automatic;
				CURRENT_PROJECT_VERSION = 1;
				DEVELOPMENT_TEAM = Z7DU6436DS;
				GENERATE_INFOPLIST_FILE = YES;
				INFOPLIST_FILE = MVVM_Practice/Info.plist;
				INFOPLIST_KEY_UIApplicationSupportsIndirectInputEvents = YES;
				INFOPLIST_KEY_UILaunchStoryboardName = LaunchScreen;
				INFOPLIST_KEY_UISupportedInterfaceOrientations = UIInterfaceOrientationPortrait;
				LD_RUNPATH_SEARCH_PATHS = (
					"$(inherited)",
					"@executable_path/Frameworks",
				);
				MARKETING_VERSION = 1.0;
				PRODUCT_BUNDLE_IDENTIFIER = "SeSAC.MVVM-Practice";
				PRODUCT_NAME = "$(TARGET_NAME)";
				SWIFT_EMIT_LOC_STRINGS = YES;
				SWIFT_VERSION = 5.0;
				TARGETED_DEVICE_FAMILY = "1,2";
			};
			name = Debug;
		};
		C76C95D32BC3F12F00AB672D /* Release */ = {
			isa = XCBuildConfiguration;
			buildSettings = {
				ASSETCATALOG_COMPILER_APPICON_NAME = AppIcon;
				ASSETCATALOG_COMPILER_GLOBAL_ACCENT_COLOR_NAME = AccentColor;
				CODE_SIGN_STYLE = Automatic;
				CURRENT_PROJECT_VERSION = 1;
				DEVELOPMENT_TEAM = Z7DU6436DS;
				GENERATE_INFOPLIST_FILE = YES;
				INFOPLIST_FILE = MVVM_Practice/Info.plist;
				INFOPLIST_KEY_UIApplicationSupportsIndirectInputEvents = YES;
				INFOPLIST_KEY_UILaunchStoryboardName = LaunchScreen;
				INFOPLIST_KEY_UISupportedInterfaceOrientations = UIInterfaceOrientationPortrait;
				LD_RUNPATH_SEARCH_PATHS = (
					"$(inherited)",
					"@executable_path/Frameworks",
				);
				MARKETING_VERSION = 1.0;
				PRODUCT_BUNDLE_IDENTIFIER = "SeSAC.MVVM-Practice";
				PRODUCT_NAME = "$(TARGET_NAME)";
				SWIFT_EMIT_LOC_STRINGS = YES;
				SWIFT_VERSION = 5.0;
				TARGETED_DEVICE_FAMILY = "1,2";
			};
			name = Release;
		};
		C76C95D52BC3F12F00AB672D /* Debug */ = {
			isa = XCBuildConfiguration;
			buildSettings = {
				ALWAYS_EMBED_SWIFT_STANDARD_LIBRARIES = YES;
				BUNDLE_LOADER = "$(TEST_HOST)";
				CODE_SIGN_STYLE = Automatic;
				CURRENT_PROJECT_VERSION = 1;
				DEVELOPMENT_TEAM = Z7DU6436DS;
				GENERATE_INFOPLIST_FILE = YES;
				IPHONEOS_DEPLOYMENT_TARGET = 17.4;
				MARKETING_VERSION = 1.0;
				PRODUCT_BUNDLE_IDENTIFIER = "SeSAC.MVVM-PracticeTests";
				PRODUCT_NAME = "$(TARGET_NAME)";
				SWIFT_EMIT_LOC_STRINGS = NO;
				SWIFT_VERSION = 5.0;
				TARGETED_DEVICE_FAMILY = "1,2";
				TEST_HOST = "$(BUILT_PRODUCTS_DIR)/MVVM_Practice.app/$(BUNDLE_EXECUTABLE_FOLDER_PATH)/MVVM_Practice";
			};
			name = Debug;
		};
		C76C95D62BC3F12F00AB672D /* Release */ = {
			isa = XCBuildConfiguration;
			buildSettings = {
				ALWAYS_EMBED_SWIFT_STANDARD_LIBRARIES = YES;
				BUNDLE_LOADER = "$(TEST_HOST)";
				CODE_SIGN_STYLE = Automatic;
				CURRENT_PROJECT_VERSION = 1;
				DEVELOPMENT_TEAM = Z7DU6436DS;
				GENERATE_INFOPLIST_FILE = YES;
				IPHONEOS_DEPLOYMENT_TARGET = 17.4;
				MARKETING_VERSION = 1.0;
				PRODUCT_BUNDLE_IDENTIFIER = "SeSAC.MVVM-PracticeTests";
				PRODUCT_NAME = "$(TARGET_NAME)";
				SWIFT_EMIT_LOC_STRINGS = NO;
				SWIFT_VERSION = 5.0;
				TARGETED_DEVICE_FAMILY = "1,2";
				TEST_HOST = "$(BUILT_PRODUCTS_DIR)/MVVM_Practice.app/$(BUNDLE_EXECUTABLE_FOLDER_PATH)/MVVM_Practice";
			};
			name = Release;
		};
		C76C95D82BC3F12F00AB672D /* Debug */ = {
			isa = XCBuildConfiguration;
			buildSettings = {
				ALWAYS_EMBED_SWIFT_STANDARD_LIBRARIES = YES;
				CODE_SIGN_STYLE = Automatic;
				CURRENT_PROJECT_VERSION = 1;
				DEVELOPMENT_TEAM = Z7DU6436DS;
				GENERATE_INFOPLIST_FILE = YES;
				MARKETING_VERSION = 1.0;
				PRODUCT_BUNDLE_IDENTIFIER = "SeSAC.MVVM-PracticeUITests";
				PRODUCT_NAME = "$(TARGET_NAME)";
				SWIFT_EMIT_LOC_STRINGS = NO;
				SWIFT_VERSION = 5.0;
				TARGETED_DEVICE_FAMILY = "1,2";
				TEST_TARGET_NAME = MVVM_Practice;
			};
			name = Debug;
		};
		C76C95D92BC3F12F00AB672D /* Release */ = {
			isa = XCBuildConfiguration;
			buildSettings = {
				ALWAYS_EMBED_SWIFT_STANDARD_LIBRARIES = YES;
				CODE_SIGN_STYLE = Automatic;
				CURRENT_PROJECT_VERSION = 1;
				DEVELOPMENT_TEAM = Z7DU6436DS;
				GENERATE_INFOPLIST_FILE = YES;
				MARKETING_VERSION = 1.0;
				PRODUCT_BUNDLE_IDENTIFIER = "SeSAC.MVVM-PracticeUITests";
				PRODUCT_NAME = "$(TARGET_NAME)";
				SWIFT_EMIT_LOC_STRINGS = NO;
				SWIFT_VERSION = 5.0;
				TARGETED_DEVICE_FAMILY = "1,2";
				TEST_TARGET_NAME = MVVM_Practice;
			};
			name = Release;
		};
/* End XCBuildConfiguration section */

/* Begin XCConfigurationList section */
		C76C95A22BC3F12D00AB672D /* Build configuration list for PBXProject "MVVM_Practice" */ = {
			isa = XCConfigurationList;
			buildConfigurations = (
				C76C95CF2BC3F12F00AB672D /* Debug */,
				C76C95D02BC3F12F00AB672D /* Release */,
			);
			defaultConfigurationIsVisible = 0;
			defaultConfigurationName = Release;
		};
		C76C95D12BC3F12F00AB672D /* Build configuration list for PBXNativeTarget "MVVM_Practice" */ = {
			isa = XCConfigurationList;
			buildConfigurations = (
				C76C95D22BC3F12F00AB672D /* Debug */,
				C76C95D32BC3F12F00AB672D /* Release */,
			);
			defaultConfigurationIsVisible = 0;
			defaultConfigurationName = Release;
		};
		C76C95D42BC3F12F00AB672D /* Build configuration list for PBXNativeTarget "MVVM_PracticeTests" */ = {
			isa = XCConfigurationList;
			buildConfigurations = (
				C76C95D52BC3F12F00AB672D /* Debug */,
				C76C95D62BC3F12F00AB672D /* Release */,
			);
			defaultConfigurationIsVisible = 0;
			defaultConfigurationName = Release;
		};
		C76C95D72BC3F12F00AB672D /* Build configuration list for PBXNativeTarget "MVVM_PracticeUITests" */ = {
			isa = XCConfigurationList;
			buildConfigurations = (
				C76C95D82BC3F12F00AB672D /* Debug */,
				C76C95D92BC3F12F00AB672D /* Release */,
			);
			defaultConfigurationIsVisible = 0;
			defaultConfigurationName = Release;
		};
/* End XCConfigurationList section */
	};
	rootObject = C76C959F2BC3F12D00AB672D /* Project object */;
}
